# This file is autogenerated, do not edit; changes may be undone by the next 'dep ensure'.


[[projects]]
  digest = "1:5a99059fffeb2f9df3bc82849e7ab48d63ce97c85c09f710b313558a4ecc565b"
  name = "github.com/go-co-op/gocron"
  packages = ["."]
  pruneopts = "UT"
  revision = "4cd458ff3a461627322d0773f0088b8972c2a80e"
  version = "v1.2.0"

[[projects]]
  digest = "1:e3b25b60c5598d88c45b25d85a76816d0a81fc3fd46c00791136614c1183fc0b"
  name = "github.com/go-sql-driver/mysql"
  packages = ["."]
  pruneopts = "UT"
  revision = "bcc459a906419e2890a50fc2c99ea6dd927a88f2"
  version = "v1.6.0"

[[projects]]
  digest = "1:6078383dbb7405bfa3ce16957f37564e3b716afa29b6eb45ffdb6674624d1e0d"
  name = "github.com/gorilla/mux"
  packages = ["."]
  pruneopts = "UT"
  revision = "98cb6bf42e086f6af920b965c38cacc07402d51b"
  version = "v1.8.0"

[[projects]]
  digest = "1:01ed62f8f4f574d8aff1d88caee113700a2b44c42351943fa73cc1808f736a50"
  name = "github.com/jinzhu/inflection"
  packages = ["."]
  pruneopts = "UT"
  revision = "f5c5f50e6090ae76a29240b61ae2a90dd810112e"
  version = "v1.0.0"

[[projects]]
  digest = "1:b4c44b48dcfecfdf38e2adfd8d20b39d5fc2baa04c8a51af885f136c2fe5a936"
  name = "github.com/jinzhu/now"
  packages = ["."]
  pruneopts = "UT"
  revision = "e8c28ddddc015eb8c0a5781a7428cc0bc1b2a5c9"
  version = "v1.1.2"

[[projects]]
  branch = "master"
  digest = "1:e3259778a9157271a308fb09b7ab6ea9d0c3f64b295e08144539f84dee5af379"
  name = "golang.org/x/sync"
  packages = [
    "semaphore",
    "singleflight",
  ]
  pruneopts = "UT"
  revision = "036812b2e83c0ddf193dd5a34e034151da389d09"

[[projects]]
  digest = "1:0f589ec11152f3176f1533c59f0df377dee15ea6058fd3f58b52727c9dac6856"
  name = "gorm.io/driver/mysql"
  packages = ["."]
  pruneopts = "UT"
  revision = "7ed9f9437521c412ad555b0d266e998951bf54ac"
  version = "v1.1.2"

[[projects]]
  digest = "1:3461ac17a93c3302b9138670fa08563ad09111ca0bdd524910436cb8a6c05ad4"
  name = "gorm.io/gorm"
  packages = [
    ".",
    "callbacks",
    "clause",
    "logger",
    "migrator",
    "schema",
    "utils",
  ]
  pruneopts = "UT"
  revision = "04f049c1dac757c6fb93df863a9585b98fc8661b"
  version = "v1.21.15"

[solve-meta]
  analyzer-name = "dep"
  analyzer-version = 1
  input-imports = [
    "github.com/go-co-op/gocron",
    "github.com/gorilla/mux",
    "gorm.io/driver/mysql",
    "gorm.io/gorm",
  ]
  solver-name = "gps-cdcl"
  solver-version = 1
